
Microsoft Visual Studio Solution File, Format Version 12.00
# Visual Studio Version 17
VisualStudioVersion = 17.1.32328.378
MinimumVisualStudioVersion = 10.0.40219.1
Project("{FAE04EC0-301F-11D3-BF4B-00C04F79EFBC}") = "InfinitBott", "InfinitBott\InfinitBott.csproj", "{0F43CC92-0B40-4880-B5B1-14608C58F99D}"
EndProject
Global
	GlobalSection(SolutionConfigurationPlatforms) = preSolution
		Debug|Any CPU = Debug|Any CPU
		Release|Any CPU = Release|Any CPU
	EndGlobalSection
	GlobalSection(ProjectConfigurationPlatforms) = postSolution
		{0F43CC92-0B40-4880-B5B1-14608C58F99D}.Debug|Any CPU.ActiveCfg = Debug|Any CPU
		{0F43CC92-0B40-4880-B5B1-14608C58F99D}.Debug|Any CPU.Build.0 = Debug|Any CPU
		{0F43CC92-0B40-4880-B5B1-14608C58F99D}.Release|Any CPU.ActiveCfg = Release|Any CPU
		{0F43CC92-0B40-4880-B5B1-14608C58F99D}.Release|Any CPU.Build.0 = Release|Any CPU
	EndGlobalSection
	GlobalSection(SolutionProperties) = preSolution
		HideSolutionNode = FALSE
	EndGlobalSection
	GlobalSection(ExtensibilityGlobals) = postSolution
		SolutionGuid = {F3919D85-1002-4814-8436-167AD4E81DFA}
	EndGlobalSection
EndGlobal
